
Microsoft Visual Studio Solution File, Format Version 12.00
# Visual Studio Version 17
VisualStudioVersion = 17.13.35931.197 d17.13
MinimumVisualStudioVersion = 10.0.40219.1
Project("{FAE04EC0-301F-11D3-BF4B-00C04F79EFBC}") = "Calculadora2", "Calculadora2.csproj", "{7E83D7CB-211B-4C79-AE58-38FC1D03B216}"
EndProject
Global
	GlobalSection(SolutionConfigurationPlatforms) = preSolution
		Debug|Any CPU = Debug|Any CPU
		Release|Any CPU = Release|Any CPU
	EndGlobalSection
	GlobalSection(ProjectConfigurationPlatforms) = postSolution
		{7E83D7CB-211B-4C79-AE58-38FC1D03B216}.Debug|Any CPU.ActiveCfg = Debug|Any CPU
		{7E83D7CB-211B-4C79-AE58-38FC1D03B216}.Debug|Any CPU.Build.0 = Debug|Any CPU
		{7E83D7CB-211B-4C79-AE58-38FC1D03B216}.Release|Any CPU.ActiveCfg = Release|Any CPU
		{7E83D7CB-211B-4C79-AE58-38FC1D03B216}.Release|Any CPU.Build.0 = Release|Any CPU
	EndGlobalSection
	GlobalSection(SolutionProperties) = preSolution
		HideSolutionNode = FALSE
	EndGlobalSection
	GlobalSection(ExtensibilityGlobals) = postSolution
		SolutionGuid = {BEE76778-C7BC-46BC-BBC9-7C1BB0A387E8}
	EndGlobalSection
EndGlobal
