
Microsoft Visual Studio Solution File, Format Version 12.00
# Visual Studio Version 17
VisualStudioVersion = 17.14.37111.16 d17.14
MinimumVisualStudioVersion = 10.0.40219.1
Project("{FAE04EC0-301F-11D3-BF4B-00C04F79EFBC}") = "JogoVelha", "JogoVelha\JogoVelha.csproj", "{0D0E2ED3-1455-490B-8AA4-03689A9A7B95}"
EndProject
Global
	GlobalSection(SolutionConfigurationPlatforms) = preSolution
		Debug|Any CPU = Debug|Any CPU
		Release|Any CPU = Release|Any CPU
	EndGlobalSection
	GlobalSection(ProjectConfigurationPlatforms) = postSolution
		{0D0E2ED3-1455-490B-8AA4-03689A9A7B95}.Debug|Any CPU.ActiveCfg = Debug|Any CPU
		{0D0E2ED3-1455-490B-8AA4-03689A9A7B95}.Debug|Any CPU.Build.0 = Debug|Any CPU
		{0D0E2ED3-1455-490B-8AA4-03689A9A7B95}.Release|Any CPU.ActiveCfg = Release|Any CPU
		{0D0E2ED3-1455-490B-8AA4-03689A9A7B95}.Release|Any CPU.Build.0 = Release|Any CPU
	EndGlobalSection
	GlobalSection(SolutionProperties) = preSolution
		HideSolutionNode = FALSE
	EndGlobalSection
	GlobalSection(ExtensibilityGlobals) = postSolution
		SolutionGuid = {03D39B2F-F5D8-4EC2-93E1-D8918E546E50}
	EndGlobalSection
EndGlobal
